packages:
- package: dbt-labs/dbt_external_tables
  version: 0.8.7
- package: dbt-labs/codegen
  version: 0.12.1
- package: calogica/dbt_date
  version: 0.10.0
- package: dbt-labs/dbt_utils
  version: 1.1.1
- package: elementary-data/elementary
  version: 0.14.1
sha1_hash: e37d530906acfca9ea6fd3492c28f9f627ce33f1
